hash: 0cd70b92cf8cf4a718d1269f625d868ae643afa91ab81e84995f3e92e4de011b
updated: 2018-08-05T11:44:41.9756673+08:00
imports:
- name: github.com/gin-gonic/gin
  version: d459835d2b077e44f7c9b453505ee29881d5d12d
- name: github.com/go-sql-driver/mysql
  version: d523deb1b23d913de5bdada721a6071e71283618
- name: github.com/jinzhu/gorm
  version: 6ed508ec6a4ecb3531899a69cbc746ccf65a4166
testImports: []
